
Microsoft Visual Studio Solution File, Format Version 12.00
# Visual Studio Version 17
VisualStudioVersion = 17.5.33502.453
MinimumVisualStudioVersion = 10.0.40219.1
Project("{FAE04EC0-301F-11D3-BF4B-00C04F79EFBC}") = "randevu_sistemi_5", "randevu_sistemi_5.csproj", "{60768D15-1570-48BF-B272-6CCB1F0A9810}"
EndProject
Global
	GlobalSection(SolutionConfigurationPlatforms) = preSolution
		Debug|Any CPU = Debug|Any CPU
		Release|Any CPU = Release|Any CPU
	EndGlobalSection
	GlobalSection(ProjectConfigurationPlatforms) = postSolution
		{60768D15-1570-48BF-B272-6CCB1F0A9810}.Debug|Any CPU.ActiveCfg = Debug|Any CPU
		{60768D15-1570-48BF-B272-6CCB1F0A9810}.Debug|Any CPU.Build.0 = Debug|Any CPU
		{60768D15-1570-48BF-B272-6CCB1F0A9810}.Release|Any CPU.ActiveCfg = Release|Any CPU
		{60768D15-1570-48BF-B272-6CCB1F0A9810}.Release|Any CPU.Build.0 = Release|Any CPU
	EndGlobalSection
	GlobalSection(SolutionProperties) = preSolution
		HideSolutionNode = FALSE
	EndGlobalSection
	GlobalSection(ExtensibilityGlobals) = postSolution
		SolutionGuid = {8AA717FD-6F9B-4246-8711-D84E0BF049C9}
	EndGlobalSection
EndGlobal
